
Microsoft Visual Studio Solution File, Format Version 12.00
# Visual Studio Version 16
VisualStudioVersion = 16.0.810.17
MinimumVisualStudioVersion = 10.0.40219.1
Project("{FAE04EC0-301F-11D3-BF4B-00C04F79EFBC}") = "CalculatorApp.Android", "CalculatorApp.Android\CalculatorApp.Android.csproj", "{85250F2B-64DA-42D0-8C30-089BC2762081}"
EndProject
Project("{FAE04EC0-301F-11D3-BF4B-00C04F79EFBC}") = "CalculatorApp.iOS", "CalculatorApp.iOS\CalculatorApp.iOS.csproj", "{C2F4368B-C19A-4140-9F74-8C9F9AC5270F}"
EndProject
Project("{FAE04EC0-301F-11D3-BF4B-00C04F79EFBC}") = "CalculatorApp", "CalculatorApp\CalculatorApp.csproj", "{6936639F-3C6E-497C-A1D6-BD89029C552C}"
EndProject
Global
	GlobalSection(SolutionConfigurationPlatforms) = preSolution
		Debug|Any CPU = Debug|Any CPU
		Release|Any CPU = Release|Any CPU
		Debug|iPhoneSimulator = Debug|iPhoneSimulator
		Release|iPhoneSimulator = Release|iPhoneSimulator
		Debug|iPhone = Debug|iPhone
		Release|iPhone = Release|iPhone
	EndGlobalSection
	GlobalSection(ProjectConfigurationPlatforms) = postSolution
		{85250F2B-64DA-42D0-8C30-089BC2762081}.Debug|Any CPU.ActiveCfg = Debug|Any CPU
		{85250F2B-64DA-42D0-8C30-089BC2762081}.Debug|Any CPU.Build.0 = Debug|Any CPU
		{85250F2B-64DA-42D0-8C30-089BC2762081}.Release|Any CPU.ActiveCfg = Release|Any CPU
		{85250F2B-64DA-42D0-8C30-089BC2762081}.Release|Any CPU.Build.0 = Release|Any CPU
		{85250F2B-64DA-42D0-8C30-089BC2762081}.Debug|iPhoneSimulator.ActiveCfg = Debug|Any CPU
		{85250F2B-64DA-42D0-8C30-089BC2762081}.Debug|iPhoneSimulator.Build.0 = Debug|Any CPU
		{85250F2B-64DA-42D0-8C30-089BC2762081}.Release|iPhoneSimulator.ActiveCfg = Release|Any CPU
		{85250F2B-64DA-42D0-8C30-089BC2762081}.Release|iPhoneSimulator.Build.0 = Release|Any CPU
		{85250F2B-64DA-42D0-8C30-089BC2762081}.Debug|iPhone.ActiveCfg = Debug|Any CPU
		{85250F2B-64DA-42D0-8C30-089BC2762081}.Debug|iPhone.Build.0 = Debug|Any CPU
		{85250F2B-64DA-42D0-8C30-089BC2762081}.Release|iPhone.ActiveCfg = Release|Any CPU
		{85250F2B-64DA-42D0-8C30-089BC2762081}.Release|iPhone.Build.0 = Release|Any CPU
		{C2F4368B-C19A-4140-9F74-8C9F9AC5270F}.Debug|Any CPU.ActiveCfg = Debug|iPhoneSimulator
		{C2F4368B-C19A-4140-9F74-8C9F9AC5270F}.Debug|Any CPU.Build.0 = Debug|iPhoneSimulator
		{C2F4368B-C19A-4140-9F74-8C9F9AC5270F}.Release|Any CPU.ActiveCfg = Release|iPhoneSimulator
		{C2F4368B-C19A-4140-9F74-8C9F9AC5270F}.Release|Any CPU.Build.0 = Release|iPhoneSimulator
		{C2F4368B-C19A-4140-9F74-8C9F9AC5270F}.Debug|iPhoneSimulator.ActiveCfg = Debug|iPhoneSimulator
		{C2F4368B-C19A-4140-9F74-8C9F9AC5270F}.Debug|iPhoneSimulator.Build.0 = Debug|iPhoneSimulator
		{C2F4368B-C19A-4140-9F74-8C9F9AC5270F}.Release|iPhoneSimulator.ActiveCfg = Release|iPhoneSimulator
		{C2F4368B-C19A-4140-9F74-8C9F9AC5270F}.Release|iPhoneSimulator.Build.0 = Release|iPhoneSimulator
		{C2F4368B-C19A-4140-9F74-8C9F9AC5270F}.Debug|iPhone.ActiveCfg = Debug|iPhone
		{C2F4368B-C19A-4140-9F74-8C9F9AC5270F}.Debug|iPhone.Build.0 = Debug|iPhone
		{C2F4368B-C19A-4140-9F74-8C9F9AC5270F}.Release|iPhone.ActiveCfg = Release|iPhone
		{C2F4368B-C19A-4140-9F74-8C9F9AC5270F}.Release|iPhone.Build.0 = Release|iPhone
		{6936639F-3C6E-497C-A1D6-BD89029C552C}.Debug|Any CPU.ActiveCfg = Debug|Any CPU
		{6936639F-3C6E-497C-A1D6-BD89029C552C}.Debug|Any CPU.Build.0 = Debug|Any CPU
		{6936639F-3C6E-497C-A1D6-BD89029C552C}.Release|Any CPU.ActiveCfg = Release|Any CPU
		{6936639F-3C6E-497C-A1D6-BD89029C552C}.Release|Any CPU.Build.0 = Release|Any CPU
		{6936639F-3C6E-497C-A1D6-BD89029C552C}.Debug|iPhoneSimulator.ActiveCfg = Debug|Any CPU
		{6936639F-3C6E-497C-A1D6-BD89029C552C}.Debug|iPhoneSimulator.Build.0 = Debug|Any CPU
		{6936639F-3C6E-497C-A1D6-BD89029C552C}.Release|iPhoneSimulator.ActiveCfg = Release|Any CPU
		{6936639F-3C6E-497C-A1D6-BD89029C552C}.Release|iPhoneSimulator.Build.0 = Release|Any CPU
		{6936639F-3C6E-497C-A1D6-BD89029C552C}.Debug|iPhone.ActiveCfg = Debug|Any CPU
		{6936639F-3C6E-497C-A1D6-BD89029C552C}.Debug|iPhone.Build.0 = Debug|Any CPU
		{6936639F-3C6E-497C-A1D6-BD89029C552C}.Release|iPhone.ActiveCfg = Release|Any CPU
		{6936639F-3C6E-497C-A1D6-BD89029C552C}.Release|iPhone.Build.0 = Release|Any CPU
	EndGlobalSection
	GlobalSection(SolutionProperties) = preSolution
		HideSolutionNode = FALSE
	EndGlobalSection
	GlobalSection(ExtensibilityGlobals) = postSolution
		SolutionGuid = {EC8440A3-9B0A-42C8-8352-DA51C23F824B}
	EndGlobalSection
EndGlobal
